
Microsoft Visual Studio Solution File, Format Version 12.00
# Visual Studio Version 17
VisualStudioVersion = 17.10.34916.146
MinimumVisualStudioVersion = 10.0.40219.1
Project("{FAE04EC0-301F-11D3-BF4B-00C04F79EFBC}") = "Inventario", "Inventario.csproj", "{7302754F-9D74-4120-AAF7-3CE5730AAABD}"
EndProject
Global
	GlobalSection(SolutionConfigurationPlatforms) = preSolution
		Debug|Any CPU = Debug|Any CPU
		Release|Any CPU = Release|Any CPU
	EndGlobalSection
	GlobalSection(ProjectConfigurationPlatforms) = postSolution
		{7302754F-9D74-4120-AAF7-3CE5730AAABD}.Debug|Any CPU.ActiveCfg = Debug|Any CPU
		{7302754F-9D74-4120-AAF7-3CE5730AAABD}.Debug|Any CPU.Build.0 = Debug|Any CPU
		{7302754F-9D74-4120-AAF7-3CE5730AAABD}.Release|Any CPU.ActiveCfg = Release|Any CPU
		{7302754F-9D74-4120-AAF7-3CE5730AAABD}.Release|Any CPU.Build.0 = Release|Any CPU
	EndGlobalSection
	GlobalSection(SolutionProperties) = preSolution
		HideSolutionNode = FALSE
	EndGlobalSection
	GlobalSection(ExtensibilityGlobals) = postSolution
		SolutionGuid = {7BCC8B7E-FA22-4BB7-8CFE-D7EDAB74FC7D}
	EndGlobalSection
EndGlobal
